
Microsoft Visual Studio Solution File, Format Version 12.00
# Visual Studio 15
Project("{FAE04EC0-301F-11D3-BF4B-00C04F79EFBC}") = "Assembly-CSharp.Postman.mm", "Assembly-CSharp.Postman.mm\Assembly-CSharp.Postman.mm.csproj", "{D63CFDC9-0555-495B-9001-3EC66EBE9CE1}"
EndProject
Global
	GlobalSection(SolutionConfigurationPlatforms) = preSolution
		Debug|Any CPU = Debug|Any CPU
		Release|Any CPU = Release|Any CPU
	EndGlobalSection
	GlobalSection(ProjectConfigurationPlatforms) = postSolution
		{D63CFDC9-0555-495B-9001-3EC66EBE9CE1}.Debug|Any CPU.ActiveCfg = Debug|Any CPU
		{D63CFDC9-0555-495B-9001-3EC66EBE9CE1}.Debug|Any CPU.Build.0 = Debug|Any CPU
		{D63CFDC9-0555-495B-9001-3EC66EBE9CE1}.Release|Any CPU.ActiveCfg = Release|Any CPU
		{D63CFDC9-0555-495B-9001-3EC66EBE9CE1}.Release|Any CPU.Build.0 = Release|Any CPU
	EndGlobalSection
	GlobalSection(MonoDevelopProperties) = preSolution
		Policies = $0
		$0.DotNetNamingPolicy = $1
		$1.DirectoryNamespaceAssociation = PrefixedHierarchical
		$0.StandardHeader = $2
		outputpath = ../TheMessenger_Data/Managed
	EndGlobalSection
EndGlobal
