
Microsoft Visual Studio Solution File, Format Version 12.00
# Visual Studio 15
Project("{FAE04EC0-301F-11D3-BF4B-00C04F79EFBC}") = "Assembly-CSharp.Postman.mm", "Assembly-CSharp.Postman.mm\Assembly-CSharp.Postman.mm.csproj", "{D63CFDC9-0555-495B-9001-3EC66EBE9CE1}"
EndProject
Project("{FAE04EC0-301F-11D3-BF4B-00C04F79EFBC}") = "TestMod", "TestMod\TestMod.csproj", "{90287889-E0AC-4D12-A48C-937518C63EFB}"
EndProject
Project("{FAE04EC0-301F-11D3-BF4B-00C04F79EFBC}") = "MiniInstaller", "MiniInstaller\MiniInstaller.csproj", "{0B0606FC-E2ED-43EC-82AB-CA660BACFFBF}"
EndProject
Global
	GlobalSection(SolutionConfigurationPlatforms) = preSolution
		Debug|Any CPU = Debug|Any CPU
		Release|Any CPU = Release|Any CPU
	EndGlobalSection
	GlobalSection(ProjectConfigurationPlatforms) = postSolution
		{D63CFDC9-0555-495B-9001-3EC66EBE9CE1}.Debug|Any CPU.ActiveCfg = Debug|Any CPU
		{D63CFDC9-0555-495B-9001-3EC66EBE9CE1}.Debug|Any CPU.Build.0 = Debug|Any CPU
		{D63CFDC9-0555-495B-9001-3EC66EBE9CE1}.Release|Any CPU.ActiveCfg = Release|Any CPU
		{D63CFDC9-0555-495B-9001-3EC66EBE9CE1}.Release|Any CPU.Build.0 = Release|Any CPU
		{90287889-E0AC-4D12-A48C-937518C63EFB}.Debug|Any CPU.ActiveCfg = Debug|Any CPU
		{90287889-E0AC-4D12-A48C-937518C63EFB}.Debug|Any CPU.Build.0 = Debug|Any CPU
		{90287889-E0AC-4D12-A48C-937518C63EFB}.Release|Any CPU.ActiveCfg = Release|Any CPU
		{90287889-E0AC-4D12-A48C-937518C63EFB}.Release|Any CPU.Build.0 = Release|Any CPU
		{0B0606FC-E2ED-43EC-82AB-CA660BACFFBF}.Debug|Any CPU.ActiveCfg = Debug|Any CPU
		{0B0606FC-E2ED-43EC-82AB-CA660BACFFBF}.Debug|Any CPU.Build.0 = Debug|Any CPU
		{0B0606FC-E2ED-43EC-82AB-CA660BACFFBF}.Release|Any CPU.ActiveCfg = Release|Any CPU
		{0B0606FC-E2ED-43EC-82AB-CA660BACFFBF}.Release|Any CPU.Build.0 = Release|Any CPU
	EndGlobalSection
	GlobalSection(MonoDevelopProperties) = preSolution
		Policies = $0
		$0.DotNetNamingPolicy = $1
		$1.DirectoryNamespaceAssociation = PrefixedHierarchical
		$0.StandardHeader = $2
		outputpath = ../TheMessenger_Data/Managed
	EndGlobalSection
EndGlobal
